{
  "lockfileVersion": 1,
  "configVersion": 0,
  "workspaces": {
    "": {
      "dependencies": {
        "react": "^19.2.4",
        "react-signature-canvas": "^1.1.0-alpha.2",
      },
    },
  },
  "packages": {
    "@babel/runtime": ["@babel/runtime@7.28.6", "", {}, "sha512-05WQkdpL9COIMz4LjTxGpPNCdlpyimKppYNoJ5Di5EUObifl8t4tuLuUBBZEpoLYOmfvIWrsp9fCl0HoPRVTdA=="],

    "@types/signature_pad": ["@types/signature_pad@2.3.6", "", {}, "sha512-v3j92gCQJoxomHhd+yaG4Vsf8tRS/XbzWKqDv85UsqjMGy4zhokuwKe4b6vhbgncKkh+thF+gpz6+fypTtnFqQ=="],

    "js-tokens": ["js-tokens@4.0.0", "", {}, "sha512-RdJUflcE3cUzKiMqQgsCu06FPu9UdIJO0beYbPhHN4k6apgJtifcoCtT9bcxOpYBtpD2kCM6Sbzg4CausW/PKQ=="],

    "loose-envify": ["loose-envify@1.4.0", "", { "dependencies": { "js-tokens": "^3.0.0 || ^4.0.0" }, "bin": "cli.js" }, "sha512-lyuxPGr/Wfhrlem2CL/UcnUc1zcqKAImBDzukY7Y5F/yQiNdko6+fRLevlw1HgMySw7f611UIY408EtxRSoK3Q=="],

    "object-assign": ["object-assign@4.1.1", "", {}, "sha512-rJgTQnkUnH1sFw8yT6VSU3zD3sWmu6sZhIseY8VX+GRu3P6F7Fu+JNDoXfklElbLJSnc3FUQHVe4cU5hj+BcUg=="],

    "prop-types": ["prop-types@15.8.1", "", { "dependencies": { "loose-envify": "^1.4.0", "object-assign": "^4.1.1", "react-is": "^16.13.1" } }, "sha512-oj87CgZICdulUohogVAR7AjlC0327U4el4L6eAvOqCeudMDVU0NThNaV+b9Df4dXgSP1gXMTnPdhfe/2qDH5cg=="],

    "react": ["react@19.2.4", "", {}, "sha512-9nfp2hYpCwOjAN+8TZFGhtWEwgvWHXqESH8qT89AT/lWklpLON22Lc8pEtnpsZz7VmawabSU0gCjnj8aC0euHQ=="],

    "react-dom": ["react-dom@19.2.4", "", { "dependencies": { "scheduler": "^0.27.0" }, "peerDependencies": { "react": "^19.2.4" } }, "sha512-AXJdLo8kgMbimY95O2aKQqsz2iWi9jMgKJhRBAxECE4IFxfcazB2LmzloIoibJI3C12IlY20+KFaLv+71bUJeQ=="],

    "react-is": ["react-is@16.13.1", "", {}, "sha512-24e6ynE2H+OKt4kqsOvNd8kBpV65zoxbA4BVsEOB3ARVWQki/DHzaUoC5KuON/BiccDaCCTZBuOcfZs70kR8bQ=="],

    "react-signature-canvas": ["react-signature-canvas@1.1.0-alpha.2", "", { "dependencies": { "@babel/runtime": "^7.17.9", "@types/signature_pad": "^2.3.0", "signature_pad": "^2.3.2", "trim-canvas": "^0.1.0" }, "peerDependencies": { "@types/prop-types": "^15.7.3", "@types/react": "0.14 - 19", "prop-types": "^15.5.8", "react": "0.14 - 19", "react-dom": "0.14 - 19" }, "optionalPeers": ["@types/prop-types", "@types/react"] }, "sha512-tKUNk3Gmh04Ug4K8p5g8Is08BFUKvbXxi0PyetQ/f8OgCBzcx4vqNf9+OArY/TdNdfHtswXQNRwZD6tyELjkjQ=="],

    "scheduler": ["scheduler@0.27.0", "", {}, "sha512-eNv+WrVbKu1f3vbYJT/xtiF5syA5HPIMtf9IgY/nKg0sWqzAUEvqY/xm7OcZc/qafLx/iO9FgOmeSAp4v5ti/Q=="],

    "signature_pad": ["signature_pad@2.3.2", "", {}, "sha512-peYXLxOsIY6MES2TrRLDiNg2T++8gGbpP2yaC+6Ohtxr+a2dzoaqWosWDY9sWqTAAk6E/TyQO+LJw9zQwyu5kA=="],

    "trim-canvas": ["trim-canvas@0.1.2", "", {}, "sha512-nd4Ga3iLFV94mdhW9JFMLpQbHUyCQuhFOD71PEAt1NjtMD5wbZctzhX8c3agHNybMR5zXD1XTGoIEWk995E6pQ=="],
  }
}
